// !$*UTF8*$!
{
	archiveVersion = 1;
	classes = {
	};
	objectVersion = 50;
	objects = {

/* Begin PBXBuildFile section */
		399A9E4921D722D100333466 /* AppDelegate.swift in Sources */ = {isa = PBXBuildFile; fileRef = 399A9E4821D722D100333466 /* AppDelegate.swift */; };
		399A9E4B21D722D100333466 /* ViewController.swift in Sources */ = {isa = PBXBuildFile; fileRef = 399A9E4A21D722D100333466 /* ViewController.swift */; };
		399A9E4E21D722D100333466 /* Main.storyboard in Resources */ = {isa = PBXBuildFile; fileRef = 399A9E4C21D722D100333466 /* Main.storyboard */; };
		399A9E5021D722D300333466 /* Assets.xcassets in Resources */ = {isa = PBXBuildFile; fileRef = 399A9E4F21D722D300333466 /* Assets.xcassets */; };
		399A9E5321D722D300333466 /* LaunchScreen.storyboard in Resources */ = {isa = PBXBuildFile; fileRef = 399A9E5121D722D300333466 /* LaunchScreen.storyboard */; };
		399A9E5E21D722D300333466 /* XSLPhotoBrowserTests.swift in Sources */ = {isa = PBXBuildFile; fileRef = 399A9E5D21D722D300333466 /* XSLPhotoBrowserTests.swift */; };
		399A9E6921D722D300333466 /* XSLPhotoBrowserUITests.swift in Sources */ = {isa = PBXBuildFile; fileRef = 399A9E6821D722D300333466 /* XSLPhotoBrowserUITests.swift */; };
		39B1006B21D757FB00E234DF /* XSLNetWorkImageDataSource.swift in Sources */ = {isa = PBXBuildFile; fileRef = 39B1005221D757FB00E234DF /* XSLNetWorkImageDataSource.swift */; };
		39B1006C21D757FB00E234DF /* XSLLocalImageDataSource.swift in Sources */ = {isa = PBXBuildFile; fileRef = 39B1005321D757FB00E234DF /* XSLLocalImageDataSource.swift */; };
		39B1006E21D757FB00E234DF /* XSLPhotoBrowserTransitioning.swift in Sources */ = {isa = PBXBuildFile; fileRef = 39B1005621D757FB00E234DF /* XSLPhotoBrowserTransitioning.swift */; };
		39B1006F21D757FB00E234DF /* XSLPhotoBrowserZoomtransitioning.swift in Sources */ = {isa = PBXBuildFile; fileRef = 39B1005721D757FB00E234DF /* XSLPhotoBrowserZoomtransitioning.swift */; };
		39B1007021D757FB00E234DF /* XSLPhotoBrowserFadeTransitioning.swift in Sources */ = {isa = PBXBuildFile; fileRef = 39B1005821D757FB00E234DF /* XSLPhotoBrowserFadeTransitioning.swift */; };
		39B1007121D757FB00E234DF /* XSLPresentationController.swift in Sources */ = {isa = PBXBuildFile; fileRef = 39B1005921D757FB00E234DF /* XSLPresentationController.swift */; };
		39B1007221D757FB00E234DF /* XSLPhotoBrowserZoomAnimator.swift in Sources */ = {isa = PBXBuildFile; fileRef = 39B1005B21D757FB00E234DF /* XSLPhotoBrowserZoomAnimator.swift */; };
		39B1007321D757FB00E234DF /* XSLPhotoFadeDismissingAnimator.swift in Sources */ = {isa = PBXBuildFile; fileRef = 39B1005C21D757FB00E234DF /* XSLPhotoFadeDismissingAnimator.swift */; };
		39B1007421D757FB00E234DF /* XSLPhotoFadePresentingAnimator.swift in Sources */ = {isa = PBXBuildFile; fileRef = 39B1005D21D757FB00E234DF /* XSLPhotoFadePresentingAnimator.swift */; };
		39B1007521D757FB00E234DF /* XSLPhotoBrowserZoomDismissingAnimator.swift in Sources */ = {isa = PBXBuildFile; fileRef = 39B1005E21D757FB00E234DF /* XSLPhotoBrowserZoomDismissingAnimator.swift */; };
		39B1007621D757FB00E234DF /* XSLPhotoBrowserZoomPresentingAnimator.swift in Sources */ = {isa = PBXBuildFile; fileRef = 39B1005F21D757FB00E234DF /* XSLPhotoBrowserZoomPresentingAnimator.swift */; };
		39B1007821D757FB00E234DF /* XSLPhotoBrowserTransitioningDelegate.swift in Sources */ = {isa = PBXBuildFile; fileRef = 39B1006221D757FB00E234DF /* XSLPhotoBrowserTransitioningDelegate.swift */; };
		39B1007921D757FB00E234DF /* XSLPhotoLoader.swift in Sources */ = {isa = PBXBuildFile; fileRef = 39B1006321D757FB00E234DF /* XSLPhotoLoader.swift */; };
		39B1007A21D757FB00E234DF /* XSLPhotoBrowserNetWorkCell.swift in Sources */ = {isa = PBXBuildFile; fileRef = 39B1006421D757FB00E234DF /* XSLPhotoBrowserNetWorkCell.swift */; };
		39B1007B21D757FB00E234DF /* XSLPhotoBrowserDelegate.swift in Sources */ = {isa = PBXBuildFile; fileRef = 39B1006521D757FB00E234DF /* XSLPhotoBrowserDelegate.swift */; };
		39B1007C21D757FB00E234DF /* XSLPhotoBrowserProgressView.swift in Sources */ = {isa = PBXBuildFile; fileRef = 39B1006621D757FB00E234DF /* XSLPhotoBrowserProgressView.swift */; };
		39B1007D21D757FB00E234DF /* XSLBaseCollectionViewCell.swift in Sources */ = {isa = PBXBuildFile; fileRef = 39B1006721D757FB00E234DF /* XSLBaseCollectionViewCell.swift */; };
		39B1007E21D757FB00E234DF /* XSLPhotoBrowser.swift in Sources */ = {isa = PBXBuildFile; fileRef = 39B1006821D757FB00E234DF /* XSLPhotoBrowser.swift */; };
		39B1007F21D757FB00E234DF /* XSLPhotoBrowserAssembler.swift in Sources */ = {isa = PBXBuildFile; fileRef = 39B1006A21D757FB00E234DF /* XSLPhotoBrowserAssembler.swift */; };
		39B1009B21D7617A00E234DF /* XSLPhotoBrowserBaseDataSource.swift in Sources */ = {isa = PBXBuildFile; fileRef = 39B1005421D757FB00E234DF /* XSLPhotoBrowserBaseDataSource.swift */; };
		39E4BD6A21E5F390008B278A /* XSLSDPhotoLoader.swift in Sources */ = {isa = PBXBuildFile; fileRef = 39E4BD6921E5F390008B278A /* XSLSDPhotoLoader.swift */; };
		39E4BD6B21E602EB008B278A /* XSLKingFisherLoader.swift in Sources */ = {isa = PBXBuildFile; fileRef = 39B1006121D757FB00E234DF /* XSLKingFisherLoader.swift */; };
		39E4BD6D21E71E2A008B278A /* XSLPhotoBrowserCustomDelegate.swift in Sources */ = {isa = PBXBuildFile; fileRef = 39E4BD6C21E71E2A008B278A /* XSLPhotoBrowserCustomDelegate.swift */; };
		60235DE3636146470772F955 /* Pods_XSLPhotoBrowser.framework in Frameworks */ = {isa = PBXBuildFile; fileRef = E63B123585982E97D5C89335 /* Pods_XSLPhotoBrowser.framework */; };
		91F3FEB2327B7C4166349AF3 /* Pods_XSLPhotoBrowserUITests.framework in Frameworks */ = {isa = PBXBuildFile; fileRef = E6E9DC604526E42E4FF0AFAA /* Pods_XSLPhotoBrowserUITests.framework */; };
		F015F9DDA3F4890A386F442C /* Pods_XSLPhotoBrowserTests.framework in Frameworks */ = {isa = PBXBuildFile; fileRef = 8DFE4AEB33EFB3FF4C0E13F2 /* Pods_XSLPhotoBrowserTests.framework */; };
/* End PBXBuildFile section */

/* Begin PBXContainerItemProxy section */
		399A9E5A21D722D300333466 /* PBXContainerItemProxy */ = {
			isa = PBXContainerItemProxy;
			containerPortal = 399A9E3D21D722D100333466 /* Project object */;
			proxyType = 1;
			remoteGlobalIDString = 399A9E4421D722D100333466;
			remoteInfo = XSLPhotoBrowser;
		};
		399A9E6521D722D300333466 /* PBXContainerItemProxy */ = {
			isa = PBXContainerItemProxy;
			containerPortal = 399A9E3D21D722D100333466 /* Project object */;
			proxyType = 1;
			remoteGlobalIDString = 399A9E4421D722D100333466;
			remoteInfo = XSLPhotoBrowser;
		};
/* End PBXContainerItemProxy section */

/* Begin PBXFileReference section */
		267FA88CC50034390592ADE1 /* Pods-XSLPhotoBrowserTests.debug.xcconfig */ = {isa = PBXFileReference; includeInIndex = 1; lastKnownFileType = text.xcconfig; name = "Pods-XSLPhotoBrowserTests.debug.xcconfig"; path = "Pods/Target Support Files/Pods-XSLPhotoBrowserTests/Pods-XSLPhotoBrowserTests.debug.xcconfig"; sourceTree = "<group>"; };
		3167F62F857DBF86E29EB45A /* Pods-XSLPhotoBrowser.debug.xcconfig */ = {isa = PBXFileReference; includeInIndex = 1; lastKnownFileType = text.xcconfig; name = "Pods-XSLPhotoBrowser.debug.xcconfig"; path = "Pods/Target Support Files/Pods-XSLPhotoBrowser/Pods-XSLPhotoBrowser.debug.xcconfig"; sourceTree = "<group>"; };
		399A9E4521D722D100333466 /* XSLPhotoBrowser.app */ = {isa = PBXFileReference; explicitFileType = wrapper.application; includeInIndex = 0; path = XSLPhotoBrowser.app; sourceTree = BUILT_PRODUCTS_DIR; };
		399A9E4821D722D100333466 /* AppDelegate.swift */ = {isa = PBXFileReference; lastKnownFileType = sourcecode.swift; path = AppDelegate.swift; sourceTree = "<group>"; };
		399A9E4A21D722D100333466 /* ViewController.swift */ = {isa = PBXFileReference; lastKnownFileType = sourcecode.swift; path = ViewController.swift; sourceTree = "<group>"; };
		399A9E4D21D722D100333466 /* Base */ = {isa = PBXFileReference; lastKnownFileType = file.storyboard; name = Base; path = Base.lproj/Main.storyboard; sourceTree = "<group>"; };
		399A9E4F21D722D300333466 /* Assets.xcassets */ = {isa = PBXFileReference; lastKnownFileType = folder.assetcatalog; path = Assets.xcassets; sourceTree = "<group>"; };
		399A9E5221D722D300333466 /* Base */ = {isa = PBXFileReference; lastKnownFileType = file.storyboard; name = Base; path = Base.lproj/LaunchScreen.storyboard; sourceTree = "<group>"; };
		399A9E5421D722D300333466 /* Info.plist */ = {isa = PBXFileReference; lastKnownFileType = text.plist.xml; path = Info.plist; sourceTree = "<group>"; };
		399A9E5921D722D300333466 /* XSLPhotoBrowserTests.xctest */ = {isa = PBXFileReference; explicitFileType = wrapper.cfbundle; includeInIndex = 0; path = XSLPhotoBrowserTests.xctest; sourceTree = BUILT_PRODUCTS_DIR; };
		399A9E5D21D722D300333466 /* XSLPhotoBrowserTests.swift */ = {isa = PBXFileReference; lastKnownFileType = sourcecode.swift; path = XSLPhotoBrowserTests.swift; sourceTree = "<group>"; };
		399A9E5F21D722D300333466 /* Info.plist */ = {isa = PBXFileReference; lastKnownFileType = text.plist.xml; path = Info.plist; sourceTree = "<group>"; };
		399A9E6421D722D300333466 /* XSLPhotoBrowserUITests.xctest */ = {isa = PBXFileReference; explicitFileType = wrapper.cfbundle; includeInIndex = 0; path = XSLPhotoBrowserUITests.xctest; sourceTree = BUILT_PRODUCTS_DIR; };
		399A9E6821D722D300333466 /* XSLPhotoBrowserUITests.swift */ = {isa = PBXFileReference; lastKnownFileType = sourcecode.swift; path = XSLPhotoBrowserUITests.swift; sourceTree = "<group>"; };
		399A9E6A21D722D300333466 /* Info.plist */ = {isa = PBXFileReference; lastKnownFileType = text.plist.xml; path = Info.plist; sourceTree = "<group>"; };
		39B1005221D757FB00E234DF /* XSLNetWorkImageDataSource.swift */ = {isa = PBXFileReference; fileEncoding = 4; lastKnownFileType = sourcecode.swift; path = XSLNetWorkImageDataSource.swift; sourceTree = "<group>"; };
		39B1005321D757FB00E234DF /* XSLLocalImageDataSource.swift */ = {isa = PBXFileReference; fileEncoding = 4; lastKnownFileType = sourcecode.swift; path = XSLLocalImageDataSource.swift; sourceTree = "<group>"; };
		39B1005421D757FB00E234DF /* XSLPhotoBrowserBaseDataSource.swift */ = {isa = PBXFileReference; fileEncoding = 4; lastKnownFileType = sourcecode.swift; path = XSLPhotoBrowserBaseDataSource.swift; sourceTree = "<group>"; };
		39B1005621D757FB00E234DF /* XSLPhotoBrowserTransitioning.swift */ = {isa = PBXFileReference; fileEncoding = 4; lastKnownFileType = sourcecode.swift; path = XSLPhotoBrowserTransitioning.swift; sourceTree = "<group>"; };
		39B1005721D757FB00E234DF /* XSLPhotoBrowserZoomtransitioning.swift */ = {isa = PBXFileReference; fileEncoding = 4; lastKnownFileType = sourcecode.swift; path = XSLPhotoBrowserZoomtransitioning.swift; sourceTree = "<group>"; };
		39B1005821D757FB00E234DF /* XSLPhotoBrowserFadeTransitioning.swift */ = {isa = PBXFileReference; fileEncoding = 4; lastKnownFileType = sourcecode.swift; path = XSLPhotoBrowserFadeTransitioning.swift; sourceTree = "<group>"; };
		39B1005921D757FB00E234DF /* XSLPresentationController.swift */ = {isa = PBXFileReference; fileEncoding = 4; lastKnownFileType = sourcecode.swift; path = XSLPresentationController.swift; sourceTree = "<group>"; };
		39B1005B21D757FB00E234DF /* XSLPhotoBrowserZoomAnimator.swift */ = {isa = PBXFileReference; fileEncoding = 4; lastKnownFileType = sourcecode.swift; path = XSLPhotoBrowserZoomAnimator.swift; sourceTree = "<group>"; };
		39B1005C21D757FB00E234DF /* XSLPhotoFadeDismissingAnimator.swift */ = {isa = PBXFileReference; fileEncoding = 4; lastKnownFileType = sourcecode.swift; path = XSLPhotoFadeDismissingAnimator.swift; sourceTree = "<group>"; };
		39B1005D21D757FB00E234DF /* XSLPhotoFadePresentingAnimator.swift */ = {isa = PBXFileReference; fileEncoding = 4; lastKnownFileType = sourcecode.swift; path = XSLPhotoFadePresentingAnimator.swift; sourceTree = "<group>"; };
		39B1005E21D757FB00E234DF /* XSLPhotoBrowserZoomDismissingAnimator.swift */ = {isa = PBXFileReference; fileEncoding = 4; lastKnownFileType = sourcecode.swift; path = XSLPhotoBrowserZoomDismissingAnimator.swift; sourceTree = "<group>"; };
		39B1005F21D757FB00E234DF /* XSLPhotoBrowserZoomPresentingAnimator.swift */ = {isa = PBXFileReference; fileEncoding = 4; lastKnownFileType = sourcecode.swift; path = XSLPhotoBrowserZoomPresentingAnimator.swift; sourceTree = "<group>"; };
		39B1006121D757FB00E234DF /* XSLKingFisherLoader.swift */ = {isa = PBXFileReference; fileEncoding = 4; lastKnownFileType = sourcecode.swift; path = XSLKingFisherLoader.swift; sourceTree = "<group>"; };
		39B1006221D757FB00E234DF /* XSLPhotoBrowserTransitioningDelegate.swift */ = {isa = PBXFileReference; fileEncoding = 4; lastKnownFileType = sourcecode.swift; path = XSLPhotoBrowserTransitioningDelegate.swift; sourceTree = "<group>"; };
		39B1006321D757FB00E234DF /* XSLPhotoLoader.swift */ = {isa = PBXFileReference; fileEncoding = 4; lastKnownFileType = sourcecode.swift; path = XSLPhotoLoader.swift; sourceTree = "<group>"; };
		39B1006421D757FB00E234DF /* XSLPhotoBrowserNetWorkCell.swift */ = {isa = PBXFileReference; fileEncoding = 4; lastKnownFileType = sourcecode.swift; path = XSLPhotoBrowserNetWorkCell.swift; sourceTree = "<group>"; };
		39B1006521D757FB00E234DF /* XSLPhotoBrowserDelegate.swift */ = {isa = PBXFileReference; fileEncoding = 4; lastKnownFileType = sourcecode.swift; path = XSLPhotoBrowserDelegate.swift; sourceTree = "<group>"; };
		39B1006621D757FB00E234DF /* XSLPhotoBrowserProgressView.swift */ = {isa = PBXFileReference; fileEncoding = 4; lastKnownFileType = sourcecode.swift; path = XSLPhotoBrowserProgressView.swift; sourceTree = "<group>"; };
		39B1006721D757FB00E234DF /* XSLBaseCollectionViewCell.swift */ = {isa = PBXFileReference; fileEncoding = 4; lastKnownFileType = sourcecode.swift; path = XSLBaseCollectionViewCell.swift; sourceTree = "<group>"; };
		39B1006821D757FB00E234DF /* XSLPhotoBrowser.swift */ = {isa = PBXFileReference; fileEncoding = 4; lastKnownFileType = sourcecode.swift; path = XSLPhotoBrowser.swift; sourceTree = "<group>"; };
		39B1006A21D757FB00E234DF /* XSLPhotoBrowserAssembler.swift */ = {isa = PBXFileReference; fileEncoding = 4; lastKnownFileType = sourcecode.swift; path = XSLPhotoBrowserAssembler.swift; sourceTree = "<group>"; };
		39E4BD6921E5F390008B278A /* XSLSDPhotoLoader.swift */ = {isa = PBXFileReference; lastKnownFileType = sourcecode.swift; path = XSLSDPhotoLoader.swift; sourceTree = "<group>"; };
		39E4BD6C21E71E2A008B278A /* XSLPhotoBrowserCustomDelegate.swift */ = {isa = PBXFileReference; lastKnownFileType = sourcecode.swift; path = XSLPhotoBrowserCustomDelegate.swift; sourceTree = "<group>"; };
		4C0900D13B5DCF5D1F0D65FD /* Pods-XSLPhotoBrowserUITests.release.xcconfig */ = {isa = PBXFileReference; includeInIndex = 1; lastKnownFileType = text.xcconfig; name = "Pods-XSLPhotoBrowserUITests.release.xcconfig"; path = "Pods/Target Support Files/Pods-XSLPhotoBrowserUITests/Pods-XSLPhotoBrowserUITests.release.xcconfig"; sourceTree = "<group>"; };
		5C03D78B0C09261F5DD99600 /* Pods-XSLPhotoBrowserTests.release.xcconfig */ = {isa = PBXFileReference; includeInIndex = 1; lastKnownFileType = text.xcconfig; name = "Pods-XSLPhotoBrowserTests.release.xcconfig"; path = "Pods/Target Support Files/Pods-XSLPhotoBrowserTests/Pods-XSLPhotoBrowserTests.release.xcconfig"; sourceTree = "<group>"; };
		8DFE4AEB33EFB3FF4C0E13F2 /* Pods_XSLPhotoBrowserTests.framework */ = {isa = PBXFileReference; explicitFileType = wrapper.framework; includeInIndex = 0; path = Pods_XSLPhotoBrowserTests.framework; sourceTree = BUILT_PRODUCTS_DIR; };
		A5ED113580D30BCDF0365940 /* Pods-XSLPhotoBrowser.release.xcconfig */ = {isa = PBXFileReference; includeInIndex = 1; lastKnownFileType = text.xcconfig; name = "Pods-XSLPhotoBrowser.release.xcconfig"; path = "Pods/Target Support Files/Pods-XSLPhotoBrowser/Pods-XSLPhotoBrowser.release.xcconfig"; sourceTree = "<group>"; };
		C3A4CDAEFF1DA1706C3139A8 /* Pods-XSLPhotoBrowserUITests.debug.xcconfig */ = {isa = PBXFileReference; includeInIndex = 1; lastKnownFileType = text.xcconfig; name = "Pods-XSLPhotoBrowserUITests.debug.xcconfig"; path = "Pods/Target Support Files/Pods-XSLPhotoBrowserUITests/Pods-XSLPhotoBrowserUITests.debug.xcconfig"; sourceTree = "<group>"; };
		E63B123585982E97D5C89335 /* Pods_XSLPhotoBrowser.framework */ = {isa = PBXFileReference; explicitFileType = wrapper.framework; includeInIndex = 0; path = Pods_XSLPhotoBrowser.framework; sourceTree = BUILT_PRODUCTS_DIR; };
		E6E9DC604526E42E4FF0AFAA /* Pods_XSLPhotoBrowserUITests.framework */ = {isa = PBXFileReference; explicitFileType = wrapper.framework; includeInIndex = 0; path = Pods_XSLPhotoBrowserUITests.framework; sourceTree = BUILT_PRODUCTS_DIR; };
/* End PBXFileReference section */

/* Begin PBXFrameworksBuildPhase section */
		399A9E4221D722D100333466 /* Frameworks */ = {
			isa = PBXFrameworksBuildPhase;
			buildActionMask = 2147483647;
			files = (
				60235DE3636146470772F955 /* Pods_XSLPhotoBrowser.framework in Frameworks */,
			);
			runOnlyForDeploymentPostprocessing = 0;
		};
		399A9E5621D722D300333466 /* Frameworks */ = {
			isa = PBXFrameworksBuildPhase;
			buildActionMask = 2147483647;
			files = (
				F015F9DDA3F4890A386F442C /* Pods_XSLPhotoBrowserTests.framework in Frameworks */,
			);
			runOnlyForDeploymentPostprocessing = 0;
		};
		399A9E6121D722D300333466 /* Frameworks */ = {
			isa = PBXFrameworksBuildPhase;
			buildActionMask = 2147483647;
			files = (
				91F3FEB2327B7C4166349AF3 /* Pods_XSLPhotoBrowserUITests.framework in Frameworks */,
			);
			runOnlyForDeploymentPostprocessing = 0;
		};
/* End PBXFrameworksBuildPhase section */

/* Begin PBXGroup section */
		13DA1E9A8DFF3BD450D5BAB1 /* Frameworks */ = {
			isa = PBXGroup;
			children = (
				E63B123585982E97D5C89335 /* Pods_XSLPhotoBrowser.framework */,
				8DFE4AEB33EFB3FF4C0E13F2 /* Pods_XSLPhotoBrowserTests.framework */,
				E6E9DC604526E42E4FF0AFAA /* Pods_XSLPhotoBrowserUITests.framework */,
			);
			name = Frameworks;
			sourceTree = "<group>";
		};
		399A9E3C21D722D100333466 = {
			isa = PBXGroup;
			children = (
				399A9E4721D722D100333466 /* XSLPhotoBrowser */,
				399A9E5C21D722D300333466 /* XSLPhotoBrowserTests */,
				399A9E6721D722D300333466 /* XSLPhotoBrowserUITests */,
				399A9E4621D722D100333466 /* Products */,
				BA50428F14DDC9FC007257FE /* Pods */,
				13DA1E9A8DFF3BD450D5BAB1 /* Frameworks */,
			);
			sourceTree = "<group>";
		};
		399A9E4621D722D100333466 /* Products */ = {
			isa = PBXGroup;
			children = (
				399A9E4521D722D100333466 /* XSLPhotoBrowser.app */,
				399A9E5921D722D300333466 /* XSLPhotoBrowserTests.xctest */,
				399A9E6421D722D300333466 /* XSLPhotoBrowserUITests.xctest */,
			);
			name = Products;
			sourceTree = "<group>";
		};
		399A9E4721D722D100333466 /* XSLPhotoBrowser */ = {
			isa = PBXGroup;
			children = (
				39B1005021D757FB00E234DF /* Classes */,
				399A9E4821D722D100333466 /* AppDelegate.swift */,
				399A9E4A21D722D100333466 /* ViewController.swift */,
				399A9E4C21D722D100333466 /* Main.storyboard */,
				399A9E4F21D722D300333466 /* Assets.xcassets */,
				399A9E5121D722D300333466 /* LaunchScreen.storyboard */,
				399A9E5421D722D300333466 /* Info.plist */,
			);
			path = XSLPhotoBrowser;
			sourceTree = "<group>";
		};
		399A9E5C21D722D300333466 /* XSLPhotoBrowserTests */ = {
			isa = PBXGroup;
			children = (
				399A9E5D21D722D300333466 /* XSLPhotoBrowserTests.swift */,
				399A9E5F21D722D300333466 /* Info.plist */,
			);
			path = XSLPhotoBrowserTests;
			sourceTree = "<group>";
		};
		399A9E6721D722D300333466 /* XSLPhotoBrowserUITests */ = {
			isa = PBXGroup;
			children = (
				399A9E6821D722D300333466 /* XSLPhotoBrowserUITests.swift */,
				399A9E6A21D722D300333466 /* Info.plist */,
			);
			path = XSLPhotoBrowserUITests;
			sourceTree = "<group>";
		};
		39B1005021D757FB00E234DF /* Classes */ = {
			isa = PBXGroup;
			children = (
				39B1005121D757FB00E234DF /* DataSource */,
				39B1005521D757FB00E234DF /* 动画转场协议 */,
				39B1005A21D757FB00E234DF /* Animator */,
				39B1006021D757FB00E234DF /* 图片加载 */,
				39B1006421D757FB00E234DF /* XSLPhotoBrowserNetWorkCell.swift */,
				39B1006521D757FB00E234DF /* XSLPhotoBrowserDelegate.swift */,
				39B1006621D757FB00E234DF /* XSLPhotoBrowserProgressView.swift */,
				39B1006721D757FB00E234DF /* XSLBaseCollectionViewCell.swift */,
				39B1006821D757FB00E234DF /* XSLPhotoBrowser.swift */,
				39B1006921D757FB00E234DF /* 装配器 */,
			);
			path = Classes;
			sourceTree = "<group>";
		};
		39B1005121D757FB00E234DF /* DataSource */ = {
			isa = PBXGroup;
			children = (
				39B1005221D757FB00E234DF /* XSLNetWorkImageDataSource.swift */,
				39B1005321D757FB00E234DF /* XSLLocalImageDataSource.swift */,
				39B1005421D757FB00E234DF /* XSLPhotoBrowserBaseDataSource.swift */,
			);
			path = DataSource;
			sourceTree = "<group>";
		};
		39B1005521D757FB00E234DF /* 动画转场协议 */ = {
			isa = PBXGroup;
			children = (
				39B1006221D757FB00E234DF /* XSLPhotoBrowserTransitioningDelegate.swift */,
				39B1005621D757FB00E234DF /* XSLPhotoBrowserTransitioning.swift */,
				39B1005721D757FB00E234DF /* XSLPhotoBrowserZoomtransitioning.swift */,
				39B1005821D757FB00E234DF /* XSLPhotoBrowserFadeTransitioning.swift */,
				39B1005921D757FB00E234DF /* XSLPresentationController.swift */,
			);
			path = "动画转场协议";
			sourceTree = "<group>";
		};
		39B1005A21D757FB00E234DF /* Animator */ = {
			isa = PBXGroup;
			children = (
				39B1005B21D757FB00E234DF /* XSLPhotoBrowserZoomAnimator.swift */,
				39B1005C21D757FB00E234DF /* XSLPhotoFadeDismissingAnimator.swift */,
				39B1005D21D757FB00E234DF /* XSLPhotoFadePresentingAnimator.swift */,
				39B1005E21D757FB00E234DF /* XSLPhotoBrowserZoomDismissingAnimator.swift */,
				39B1005F21D757FB00E234DF /* XSLPhotoBrowserZoomPresentingAnimator.swift */,
			);
			path = Animator;
			sourceTree = "<group>";
		};
		39B1006021D757FB00E234DF /* 图片加载 */ = {
			isa = PBXGroup;
			children = (
				39B1006121D757FB00E234DF /* XSLKingFisherLoader.swift */,
				39B1006321D757FB00E234DF /* XSLPhotoLoader.swift */,
				39E4BD6921E5F390008B278A /* XSLSDPhotoLoader.swift */,
			);
			path = "图片加载";
			sourceTree = "<group>";
		};
		39B1006921D757FB00E234DF /* 装配器 */ = {
			isa = PBXGroup;
			children = (
				39B1006A21D757FB00E234DF /* XSLPhotoBrowserAssembler.swift */,
				39E4BD6C21E71E2A008B278A /* XSLPhotoBrowserCustomDelegate.swift */,
			);
			path = "装配器";
			sourceTree = "<group>";
		};
		BA50428F14DDC9FC007257FE /* Pods */ = {
			isa = PBXGroup;
			children = (
				3167F62F857DBF86E29EB45A /* Pods-XSLPhotoBrowser.debug.xcconfig */,
				A5ED113580D30BCDF0365940 /* Pods-XSLPhotoBrowser.release.xcconfig */,
				267FA88CC50034390592ADE1 /* Pods-XSLPhotoBrowserTests.debug.xcconfig */,
				5C03D78B0C09261F5DD99600 /* Pods-XSLPhotoBrowserTests.release.xcconfig */,
				C3A4CDAEFF1DA1706C3139A8 /* Pods-XSLPhotoBrowserUITests.debug.xcconfig */,
				4C0900D13B5DCF5D1F0D65FD /* Pods-XSLPhotoBrowserUITests.release.xcconfig */,
			);
			name = Pods;
			sourceTree = "<group>";
		};
/* End PBXGroup section */

/* Begin PBXNativeTarget section */
		399A9E4421D722D100333466 /* XSLPhotoBrowser */ = {
			isa = PBXNativeTarget;
			buildConfigurationList = 399A9E6D21D722D300333466 /* Build configuration list for PBXNativeTarget "XSLPhotoBrowser" */;
			buildPhases = (
				6CDDC23748643FD2A48EA70A /* [CP] Check Pods Manifest.lock */,
				399A9E4121D722D100333466 /* Sources */,
				399A9E4221D722D100333466 /* Frameworks */,
				399A9E4321D722D100333466 /* Resources */,
				72BCE409316D9FEB475F3ABA /* [CP] Embed Pods Frameworks */,
			);
			buildRules = (
			);
			dependencies = (
			);
			name = XSLPhotoBrowser;
			productName = XSLPhotoBrowser;
			productReference = 399A9E4521D722D100333466 /* XSLPhotoBrowser.app */;
			productType = "com.apple.product-type.application";
		};
		399A9E5821D722D300333466 /* XSLPhotoBrowserTests */ = {
			isa = PBXNativeTarget;
			buildConfigurationList = 399A9E7021D722D300333466 /* Build configuration list for PBXNativeTarget "XSLPhotoBrowserTests" */;
			buildPhases = (
				044540BC5BBCD645271ABC48 /* [CP] Check Pods Manifest.lock */,
				399A9E5521D722D300333466 /* Sources */,
				399A9E5621D722D300333466 /* Frameworks */,
				399A9E5721D722D300333466 /* Resources */,
			);
			buildRules = (
			);
			dependencies = (
				399A9E5B21D722D300333466 /* PBXTargetDependency */,
			);
			name = XSLPhotoBrowserTests;
			productName = XSLPhotoBrowserTests;
			productReference = 399A9E5921D722D300333466 /* XSLPhotoBrowserTests.xctest */;
			productType = "com.apple.product-type.bundle.unit-test";
		};
		399A9E6321D722D300333466 /* XSLPhotoBrowserUITests */ = {
			isa = PBXNativeTarget;
			buildConfigurationList = 399A9E7321D722D300333466 /* Build configuration list for PBXNativeTarget "XSLPhotoBrowserUITests" */;
			buildPhases = (
				EDF707812CE59126812C098F /* [CP] Check Pods Manifest.lock */,
				399A9E6021D722D300333466 /* Sources */,
				399A9E6121D722D300333466 /* Frameworks */,
				399A9E6221D722D300333466 /* Resources */,
			);
			buildRules = (
			);
			dependencies = (
				399A9E6621D722D300333466 /* PBXTargetDependency */,
			);
			name = XSLPhotoBrowserUITests;
			productName = XSLPhotoBrowserUITests;
			productReference = 399A9E6421D722D300333466 /* XSLPhotoBrowserUITests.xctest */;
			productType = "com.apple.product-type.bundle.ui-testing";
		};
/* End PBXNativeTarget section */

/* Begin PBXProject section */
		399A9E3D21D722D100333466 /* Project object */ = {
			isa = PBXProject;
			attributes = {
				LastSwiftUpdateCheck = 1000;
				LastUpgradeCheck = 1000;
				ORGANIZATIONNAME = "廖佩志";
				TargetAttributes = {
					399A9E4421D722D100333466 = {
						CreatedOnToolsVersion = 10.0;
					};
					399A9E5821D722D300333466 = {
						CreatedOnToolsVersion = 10.0;
						TestTargetID = 399A9E4421D722D100333466;
					};
					399A9E6321D722D300333466 = {
						CreatedOnToolsVersion = 10.0;
						TestTargetID = 399A9E4421D722D100333466;
					};
				};
			};
			buildConfigurationList = 399A9E4021D722D100333466 /* Build configuration list for PBXProject "XSLPhotoBrowser" */;
			compatibilityVersion = "Xcode 9.3";
			developmentRegion = en;
			hasScannedForEncodings = 0;
			knownRegions = (
				en,
				Base,
			);
			mainGroup = 399A9E3C21D722D100333466;
			productRefGroup = 399A9E4621D722D100333466 /* Products */;
			projectDirPath = "";
			projectRoot = "";
			targets = (
				399A9E4421D722D100333466 /* XSLPhotoBrowser */,
				399A9E5821D722D300333466 /* XSLPhotoBrowserTests */,
				399A9E6321D722D300333466 /* XSLPhotoBrowserUITests */,
			);
		};
/* End PBXProject section */

/* Begin PBXResourcesBuildPhase section */
		399A9E4321D722D100333466 /* Resources */ = {
			isa = PBXResourcesBuildPhase;
			buildActionMask = 2147483647;
			files = (
				399A9E5321D722D300333466 /* LaunchScreen.storyboard in Resources */,
				399A9E5021D722D300333466 /* Assets.xcassets in Resources */,
				399A9E4E21D722D100333466 /* Main.storyboard in Resources */,
			);
			runOnlyForDeploymentPostprocessing = 0;
		};
		399A9E5721D722D300333466 /* Resources */ = {
			isa = PBXResourcesBuildPhase;
			buildActionMask = 2147483647;
			files = (
			);
			runOnlyForDeploymentPostprocessing = 0;
		};
		399A9E6221D722D300333466 /* Resources */ = {
			isa = PBXResourcesBuildPhase;
			buildActionMask = 2147483647;
			files = (
			);
			runOnlyForDeploymentPostprocessing = 0;
		};
/* End PBXResourcesBuildPhase section */

/* Begin PBXShellScriptBuildPhase section */
		044540BC5BBCD645271ABC48 /* [CP] Check Pods Manifest.lock */ = {
			isa = PBXShellScriptBuildPhase;
			buildActionMask = 2147483647;
			files = (
			);
			inputFileListPaths = (
			);
			inputPaths = (
				"${PODS_PODFILE_DIR_PATH}/Podfile.lock",
				"${PODS_ROOT}/Manifest.lock",
			);
			name = "[CP] Check Pods Manifest.lock";
			outputFileListPaths = (
			);
			outputPaths = (
				"$(DERIVED_FILE_DIR)/Pods-XSLPhotoBrowserTests-checkManifestLockResult.txt",
			);
			runOnlyForDeploymentPostprocessing = 0;
			shellPath = /bin/sh;
			shellScript = "diff \"${PODS_PODFILE_DIR_PATH}/Podfile.lock\" \"${PODS_ROOT}/Manifest.lock\" > /dev/null\nif [ $? != 0 ] ; then\n    # print error to STDERR\n    echo \"error: The sandbox is not in sync with the Podfile.lock. Run 'pod install' or update your CocoaPods installation.\" >&2\n    exit 1\nfi\n# This output is used by Xcode 'outputs' to avoid re-running this script phase.\necho \"SUCCESS\" > \"${SCRIPT_OUTPUT_FILE_0}\"\n";
			showEnvVarsInLog = 0;
		};
		6CDDC23748643FD2A48EA70A /* [CP] Check Pods Manifest.lock */ = {
			isa = PBXShellScriptBuildPhase;
			buildActionMask = 2147483647;
			files = (
			);
			inputFileListPaths = (
			);
			inputPaths = (
				"${PODS_PODFILE_DIR_PATH}/Podfile.lock",
				"${PODS_ROOT}/Manifest.lock",
			);
			name = "[CP] Check Pods Manifest.lock";
			outputFileListPaths = (
			);
			outputPaths = (
				"$(DERIVED_FILE_DIR)/Pods-XSLPhotoBrowser-checkManifestLockResult.txt",
			);
			runOnlyForDeploymentPostprocessing = 0;
			shellPath = /bin/sh;
			shellScript = "diff \"${PODS_PODFILE_DIR_PATH}/Podfile.lock\" \"${PODS_ROOT}/Manifest.lock\" > /dev/null\nif [ $? != 0 ] ; then\n    # print error to STDERR\n    echo \"error: The sandbox is not in sync with the Podfile.lock. Run 'pod install' or update your CocoaPods installation.\" >&2\n    exit 1\nfi\n# This output is used by Xcode 'outputs' to avoid re-running this script phase.\necho \"SUCCESS\" > \"${SCRIPT_OUTPUT_FILE_0}\"\n";
			showEnvVarsInLog = 0;
		};
		72BCE409316D9FEB475F3ABA /* [CP] Embed Pods Frameworks */ = {
			isa = PBXShellScriptBuildPhase;
			buildActionMask = 2147483647;
			files = (
			);
			inputFileListPaths = (
			);
			inputPaths = (
				"${SRCROOT}/Pods/Target Support Files/Pods-XSLPhotoBrowser/Pods-XSLPhotoBrowser-frameworks.sh",
				"${BUILT_PRODUCTS_DIR}/Kingfisher/Kingfisher.framework",
				"${BUILT_PRODUCTS_DIR}/SDWebImage/SDWebImage.framework",
			);
			name = "[CP] Embed Pods Frameworks";
			outputFileListPaths = (
			);
			outputPaths = (
				"${TARGET_BUILD_DIR}/${FRAMEWORKS_FOLDER_PATH}/Kingfisher.framework",
				"${TARGET_BUILD_DIR}/${FRAMEWORKS_FOLDER_PATH}/SDWebImage.framework",
			);
			runOnlyForDeploymentPostprocessing = 0;
			shellPath = /bin/sh;
			shellScript = "\"${SRCROOT}/Pods/Target Support Files/Pods-XSLPhotoBrowser/Pods-XSLPhotoBrowser-frameworks.sh\"\n";
			showEnvVarsInLog = 0;
		};
		EDF707812CE59126812C098F /* [CP] Check Pods Manifest.lock */ = {
			isa = PBXShellScriptBuildPhase;
			buildActionMask = 2147483647;
			files = (
			);
			inputFileListPaths = (
			);
			inputPaths = (
				"${PODS_PODFILE_DIR_PATH}/Podfile.lock",
				"${PODS_ROOT}/Manifest.lock",
			);
			name = "[CP] Check Pods Manifest.lock";
			outputFileListPaths = (
			);
			outputPaths = (
				"$(DERIVED_FILE_DIR)/Pods-XSLPhotoBrowserUITests-checkManifestLockResult.txt",
			);
			runOnlyForDeploymentPostprocessing = 0;
			shellPath = /bin/sh;
			shellScript = "diff \"${PODS_PODFILE_DIR_PATH}/Podfile.lock\" \"${PODS_ROOT}/Manifest.lock\" > /dev/null\nif [ $? != 0 ] ; then\n    # print error to STDERR\n    echo \"error: The sandbox is not in sync with the Podfile.lock. Run 'pod install' or update your CocoaPods installation.\" >&2\n    exit 1\nfi\n# This output is used by Xcode 'outputs' to avoid re-running this script phase.\necho \"SUCCESS\" > \"${SCRIPT_OUTPUT_FILE_0}\"\n";
			showEnvVarsInLog = 0;
		};
/* End PBXShellScriptBuildPhase section */

/* Begin PBXSourcesBuildPhase section */
		399A9E4121D722D100333466 /* Sources */ = {
			isa = PBXSourcesBuildPhase;
			buildActionMask = 2147483647;
			files = (
				39E4BD6D21E71E2A008B278A /* XSLPhotoBrowserCustomDelegate.swift in Sources */,
				39B1007A21D757FB00E234DF /* XSLPhotoBrowserNetWorkCell.swift in Sources */,
				39B1006C21D757FB00E234DF /* XSLLocalImageDataSource.swift in Sources */,
				399A9E4B21D722D100333466 /* ViewController.swift in Sources */,
				39B1006B21D757FB00E234DF /* XSLNetWorkImageDataSource.swift in Sources */,
				39B1007321D757FB00E234DF /* XSLPhotoFadeDismissingAnimator.swift in Sources */,
				39B1007621D757FB00E234DF /* XSLPhotoBrowserZoomPresentingAnimator.swift in Sources */,
				39B1006E21D757FB00E234DF /* XSLPhotoBrowserTransitioning.swift in Sources */,
				39B1007F21D757FB00E234DF /* XSLPhotoBrowserAssembler.swift in Sources */,
				39B1007C21D757FB00E234DF /* XSLPhotoBrowserProgressView.swift in Sources */,
				39B1007121D757FB00E234DF /* XSLPresentationController.swift in Sources */,
				39B1007421D757FB00E234DF /* XSLPhotoFadePresentingAnimator.swift in Sources */,
				39B1009B21D7617A00E234DF /* XSLPhotoBrowserBaseDataSource.swift in Sources */,
				39B1006F21D757FB00E234DF /* XSLPhotoBrowserZoomtransitioning.swift in Sources */,
				39B1007E21D757FB00E234DF /* XSLPhotoBrowser.swift in Sources */,
				39B1007221D757FB00E234DF /* XSLPhotoBrowserZoomAnimator.swift in Sources */,
				39E4BD6A21E5F390008B278A /* XSLSDPhotoLoader.swift in Sources */,
				399A9E4921D722D100333466 /* AppDelegate.swift in Sources */,
				39B1007D21D757FB00E234DF /* XSLBaseCollectionViewCell.swift in Sources */,
				39B1007021D757FB00E234DF /* XSLPhotoBrowserFadeTransitioning.swift in Sources */,
				39B1007921D757FB00E234DF /* XSLPhotoLoader.swift in Sources */,
				39E4BD6B21E602EB008B278A /* XSLKingFisherLoader.swift in Sources */,
				39B1007B21D757FB00E234DF /* XSLPhotoBrowserDelegate.swift in Sources */,
				39B1007821D757FB00E234DF /* XSLPhotoBrowserTransitioningDelegate.swift in Sources */,
				39B1007521D757FB00E234DF /* XSLPhotoBrowserZoomDismissingAnimator.swift in Sources */,
			);
			runOnlyForDeploymentPostprocessing = 0;
		};
		399A9E5521D722D300333466 /* Sources */ = {
			isa = PBXSourcesBuildPhase;
			buildActionMask = 2147483647;
			files = (
				399A9E5E21D722D300333466 /* XSLPhotoBrowserTests.swift in Sources */,
			);
			runOnlyForDeploymentPostprocessing = 0;
		};
		399A9E6021D722D300333466 /* Sources */ = {
			isa = PBXSourcesBuildPhase;
			buildActionMask = 2147483647;
			files = (
				399A9E6921D722D300333466 /* XSLPhotoBrowserUITests.swift in Sources */,
			);
			runOnlyForDeploymentPostprocessing = 0;
		};
/* End PBXSourcesBuildPhase section */

/* Begin PBXTargetDependency section */
		399A9E5B21D722D300333466 /* PBXTargetDependency */ = {
			isa = PBXTargetDependency;
			target = 399A9E4421D722D100333466 /* XSLPhotoBrowser */;
			targetProxy = 399A9E5A21D722D300333466 /* PBXContainerItemProxy */;
		};
		399A9E6621D722D300333466 /* PBXTargetDependency */ = {
			isa = PBXTargetDependency;
			target = 399A9E4421D722D100333466 /* XSLPhotoBrowser */;
			targetProxy = 399A9E6521D722D300333466 /* PBXContainerItemProxy */;
		};
/* End PBXTargetDependency section */

/* Begin PBXVariantGroup section */
		399A9E4C21D722D100333466 /* Main.storyboard */ = {
			isa = PBXVariantGroup;
			children = (
				399A9E4D21D722D100333466 /* Base */,
			);
			name = Main.storyboard;
			sourceTree = "<group>";
		};
		399A9E5121D722D300333466 /* LaunchScreen.storyboard */ = {
			isa = PBXVariantGroup;
			children = (
				399A9E5221D722D300333466 /* Base */,
			);
			name = LaunchScreen.storyboard;
			sourceTree = "<group>";
		};
/* End PBXVariantGroup section */

/* Begin XCBuildConfiguration section */
		399A9E6B21D722D300333466 /* Debug */ = {
			isa = XCBuildConfiguration;
			buildSettings = {
				ALWAYS_SEARCH_USER_PATHS = NO;
				CLANG_ANALYZER_NONNULL = YES;
				CLANG_ANALYZER_NUMBER_OBJECT_CONVERSION = YES_AGGRESSIVE;
				CLANG_CXX_LANGUAGE_STANDARD = "gnu++14";
				CLANG_CXX_LIBRARY = "libc++";
				CLANG_ENABLE_MODULES = YES;
				CLANG_ENABLE_OBJC_ARC = YES;
				CLANG_ENABLE_OBJC_WEAK = YES;
				CLANG_WARN_BLOCK_CAPTURE_AUTORELEASING = YES;
				CLANG_WARN_BOOL_CONVERSION = YES;
				CLANG_WARN_COMMA = YES;
				CLANG_WARN_CONSTANT_CONVERSION = YES;
				CLANG_WARN_DEPRECATED_OBJC_IMPLEMENTATIONS = YES;
				CLANG_WARN_DIRECT_OBJC_ISA_USAGE = YES_ERROR;
				CLANG_WARN_DOCUMENTATION_COMMENTS = YES;
				CLANG_WARN_EMPTY_BODY = YES;
				CLANG_WARN_ENUM_CONVERSION = YES;
				CLANG_WARN_INFINITE_RECURSION = YES;
				CLANG_WARN_INT_CONVERSION = YES;
				CLANG_WARN_NON_LITERAL_NULL_CONVERSION = YES;
				CLANG_WARN_OBJC_IMPLICIT_RETAIN_SELF = YES;
				CLANG_WARN_OBJC_LITERAL_CONVERSION = YES;
				CLANG_WARN_OBJC_ROOT_CLASS = YES_ERROR;
				CLANG_WARN_RANGE_LOOP_ANALYSIS = YES;
				CLANG_WARN_STRICT_PROTOTYPES = YES;
				CLANG_WARN_SUSPICIOUS_MOVE = YES;
				CLANG_WARN_UNGUARDED_AVAILABILITY = YES_AGGRESSIVE;
				CLANG_WARN_UNREACHABLE_CODE = YES;
				CLANG_WARN__DUPLICATE_METHOD_MATCH = YES;
				CODE_SIGN_IDENTITY = "iPhone Developer";
				COPY_PHASE_STRIP = NO;
				DEBUG_INFORMATION_FORMAT = dwarf;
				ENABLE_STRICT_OBJC_MSGSEND = YES;
				ENABLE_TESTABILITY = YES;
				GCC_C_LANGUAGE_STANDARD = gnu11;
				GCC_DYNAMIC_NO_PIC = NO;
				GCC_NO_COMMON_BLOCKS = YES;
				GCC_OPTIMIZATION_LEVEL = 0;
				GCC_PREPROCESSOR_DEFINITIONS = (
					"DEBUG=1",
					"$(inherited)",
				);
				GCC_WARN_64_TO_32_BIT_CONVERSION = YES;
				GCC_WARN_ABOUT_RETURN_TYPE = YES_ERROR;
				GCC_WARN_UNDECLARED_SELECTOR = YES;
				GCC_WARN_UNINITIALIZED_AUTOS = YES_AGGRESSIVE;
				GCC_WARN_UNUSED_FUNCTION = YES;
				GCC_WARN_UNUSED_VARIABLE = YES;
				IPHONEOS_DEPLOYMENT_TARGET = 12.0;
				MTL_ENABLE_DEBUG_INFO = INCLUDE_SOURCE;
				MTL_FAST_MATH = YES;
				ONLY_ACTIVE_ARCH = YES;
				SDKROOT = iphoneos;
				SWIFT_ACTIVE_COMPILATION_CONDITIONS = DEBUG;
				SWIFT_OPTIMIZATION_LEVEL = "-Onone";
			};
			name = Debug;
		};
		399A9E6C21D722D300333466 /* Release */ = {
			isa = XCBuildConfiguration;
			buildSettings = {
				ALWAYS_SEARCH_USER_PATHS = NO;
				CLANG_ANALYZER_NONNULL = YES;
				CLANG_ANALYZER_NUMBER_OBJECT_CONVERSION = YES_AGGRESSIVE;
				CLANG_CXX_LANGUAGE_STANDARD = "gnu++14";
				CLANG_CXX_LIBRARY = "libc++";
				CLANG_ENABLE_MODULES = YES;
				CLANG_ENABLE_OBJC_ARC = YES;
				CLANG_ENABLE_OBJC_WEAK = YES;
				CLANG_WARN_BLOCK_CAPTURE_AUTORELEASING = YES;
				CLANG_WARN_BOOL_CONVERSION = YES;
				CLANG_WARN_COMMA = YES;
				CLANG_WARN_CONSTANT_CONVERSION = YES;
				CLANG_WARN_DEPRECATED_OBJC_IMPLEMENTATIONS = YES;
				CLANG_WARN_DIRECT_OBJC_ISA_USAGE = YES_ERROR;
				CLANG_WARN_DOCUMENTATION_COMMENTS = YES;
				CLANG_WARN_EMPTY_BODY = YES;
				CLANG_WARN_ENUM_CONVERSION = YES;
				CLANG_WARN_INFINITE_RECURSION = YES;
				CLANG_WARN_INT_CONVERSION = YES;
				CLANG_WARN_NON_LITERAL_NULL_CONVERSION = YES;
				CLANG_WARN_OBJC_IMPLICIT_RETAIN_SELF = YES;
				CLANG_WARN_OBJC_LITERAL_CONVERSION = YES;
				CLANG_WARN_OBJC_ROOT_CLASS = YES_ERROR;
				CLANG_WARN_RANGE_LOOP_ANALYSIS = YES;
				CLANG_WARN_STRICT_PROTOTYPES = YES;
				CLANG_WARN_SUSPICIOUS_MOVE = YES;
				CLANG_WARN_UNGUARDED_AVAILABILITY = YES_AGGRESSIVE;
				CLANG_WARN_UNREACHABLE_CODE = YES;
				CLANG_WARN__DUPLICATE_METHOD_MATCH = YES;
				CODE_SIGN_IDENTITY = "iPhone Developer";
				COPY_PHASE_STRIP = NO;
				DEBUG_INFORMATION_FORMAT = "dwarf-with-dsym";
				ENABLE_NS_ASSERTIONS = NO;
				ENABLE_STRICT_OBJC_MSGSEND = YES;
				GCC_C_LANGUAGE_STANDARD = gnu11;
				GCC_NO_COMMON_BLOCKS = YES;
				GCC_WARN_64_TO_32_BIT_CONVERSION = YES;
				GCC_WARN_ABOUT_RETURN_TYPE = YES_ERROR;
				GCC_WARN_UNDECLARED_SELECTOR = YES;
				GCC_WARN_UNINITIALIZED_AUTOS = YES_AGGRESSIVE;
				GCC_WARN_UNUSED_FUNCTION = YES;
				GCC_WARN_UNUSED_VARIABLE = YES;
				IPHONEOS_DEPLOYMENT_TARGET = 12.0;
				MTL_ENABLE_DEBUG_INFO = NO;
				MTL_FAST_MATH = YES;
				SDKROOT = iphoneos;
				SWIFT_COMPILATION_MODE = wholemodule;
				SWIFT_OPTIMIZATION_LEVEL = "-O";
				VALIDATE_PRODUCT = YES;
			};
			name = Release;
		};
		399A9E6E21D722D300333466 /* Debug */ = {
			isa = XCBuildConfiguration;
			baseConfigurationReference = 3167F62F857DBF86E29EB45A /* Pods-XSLPhotoBrowser.debug.xcconfig */;
			buildSettings = {
				ASSETCATALOG_COMPILER_APPICON_NAME = AppIcon;
				CODE_SIGN_STYLE = Automatic;
				DEVELOPMENT_TEAM = 947Y58Z74K;
				INFOPLIST_FILE = XSLPhotoBrowser/Info.plist;
				LD_RUNPATH_SEARCH_PATHS = (
					"$(inherited)",
					"@executable_path/Frameworks",
				);
				PRODUCT_BUNDLE_IDENTIFIER = lpz.code.XSLPhotoBrowser;
				PRODUCT_NAME = "$(TARGET_NAME)";
				SWIFT_VERSION = 4.2;
				TARGETED_DEVICE_FAMILY = "1,2";
			};
			name = Debug;
		};
		399A9E6F21D722D300333466 /* Release */ = {
			isa = XCBuildConfiguration;
			baseConfigurationReference = A5ED113580D30BCDF0365940 /* Pods-XSLPhotoBrowser.release.xcconfig */;
			buildSettings = {
				ASSETCATALOG_COMPILER_APPICON_NAME = AppIcon;
				CODE_SIGN_STYLE = Automatic;
				DEVELOPMENT_TEAM = 947Y58Z74K;
				INFOPLIST_FILE = XSLPhotoBrowser/Info.plist;
				LD_RUNPATH_SEARCH_PATHS = (
					"$(inherited)",
					"@executable_path/Frameworks",
				);
				PRODUCT_BUNDLE_IDENTIFIER = lpz.code.XSLPhotoBrowser;
				PRODUCT_NAME = "$(TARGET_NAME)";
				SWIFT_VERSION = 4.2;
				TARGETED_DEVICE_FAMILY = "1,2";
			};
			name = Release;
		};
		399A9E7121D722D300333466 /* Debug */ = {
			isa = XCBuildConfiguration;
			baseConfigurationReference = 267FA88CC50034390592ADE1 /* Pods-XSLPhotoBrowserTests.debug.xcconfig */;
			buildSettings = {
				ALWAYS_EMBED_SWIFT_STANDARD_LIBRARIES = YES;
				BUNDLE_LOADER = "$(TEST_HOST)";
				CODE_SIGN_STYLE = Automatic;
				DEVELOPMENT_TEAM = 947Y58Z74K;
				INFOPLIST_FILE = XSLPhotoBrowserTests/Info.plist;
				LD_RUNPATH_SEARCH_PATHS = (
					"$(inherited)",
					"@executable_path/Frameworks",
					"@loader_path/Frameworks",
				);
				PRODUCT_BUNDLE_IDENTIFIER = lpz.code.XSLPhotoBrowserTests;
				PRODUCT_NAME = "$(TARGET_NAME)";
				SWIFT_VERSION = 4.2;
				TARGETED_DEVICE_FAMILY = "1,2";
				TEST_HOST = "$(BUILT_PRODUCTS_DIR)/XSLPhotoBrowser.app/XSLPhotoBrowser";
			};
			name = Debug;
		};
		399A9E7221D722D300333466 /* Release */ = {
			isa = XCBuildConfiguration;
			baseConfigurationReference = 5C03D78B0C09261F5DD99600 /* Pods-XSLPhotoBrowserTests.release.xcconfig */;
			buildSettings = {
				ALWAYS_EMBED_SWIFT_STANDARD_LIBRARIES = YES;
				BUNDLE_LOADER = "$(TEST_HOST)";
				CODE_SIGN_STYLE = Automatic;
				DEVELOPMENT_TEAM = 947Y58Z74K;
				INFOPLIST_FILE = XSLPhotoBrowserTests/Info.plist;
				LD_RUNPATH_SEARCH_PATHS = (
					"$(inherited)",
					"@executable_path/Frameworks",
					"@loader_path/Frameworks",
				);
				PRODUCT_BUNDLE_IDENTIFIER = lpz.code.XSLPhotoBrowserTests;
				PRODUCT_NAME = "$(TARGET_NAME)";
				SWIFT_VERSION = 4.2;
				TARGETED_DEVICE_FAMILY = "1,2";
				TEST_HOST = "$(BUILT_PRODUCTS_DIR)/XSLPhotoBrowser.app/XSLPhotoBrowser";
			};
			name = Release;
		};
		399A9E7421D722D300333466 /* Debug */ = {
			isa = XCBuildConfiguration;
			baseConfigurationReference = C3A4CDAEFF1DA1706C3139A8 /* Pods-XSLPhotoBrowserUITests.debug.xcconfig */;
			buildSettings = {
				ALWAYS_EMBED_SWIFT_STANDARD_LIBRARIES = YES;
				CODE_SIGN_STYLE = Automatic;
				DEVELOPMENT_TEAM = 947Y58Z74K;
				INFOPLIST_FILE = XSLPhotoBrowserUITests/Info.plist;
				LD_RUNPATH_SEARCH_PATHS = (
					"$(inherited)",
					"@executable_path/Frameworks",
					"@loader_path/Frameworks",
				);
				PRODUCT_BUNDLE_IDENTIFIER = lpz.code.XSLPhotoBrowserUITests;
				PRODUCT_NAME = "$(TARGET_NAME)";
				SWIFT_VERSION = 4.2;
				TARGETED_DEVICE_FAMILY = "1,2";
				TEST_TARGET_NAME = XSLPhotoBrowser;
			};
			name = Debug;
		};
		399A9E7521D722D300333466 /* Release */ = {
			isa = XCBuildConfiguration;
			baseConfigurationReference = 4C0900D13B5DCF5D1F0D65FD /* Pods-XSLPhotoBrowserUITests.release.xcconfig */;
			buildSettings = {
				ALWAYS_EMBED_SWIFT_STANDARD_LIBRARIES = YES;
				CODE_SIGN_STYLE = Automatic;
				DEVELOPMENT_TEAM = 947Y58Z74K;
				INFOPLIST_FILE = XSLPhotoBrowserUITests/Info.plist;
				LD_RUNPATH_SEARCH_PATHS = (
					"$(inherited)",
					"@executable_path/Frameworks",
					"@loader_path/Frameworks",
				);
				PRODUCT_BUNDLE_IDENTIFIER = lpz.code.XSLPhotoBrowserUITests;
				PRODUCT_NAME = "$(TARGET_NAME)";
				SWIFT_VERSION = 4.2;
				TARGETED_DEVICE_FAMILY = "1,2";
				TEST_TARGET_NAME = XSLPhotoBrowser;
			};
			name = Release;
		};
/* End XCBuildConfiguration section */

/* Begin XCConfigurationList section */
		399A9E4021D722D100333466 /* Build configuration list for PBXProject "XSLPhotoBrowser" */ = {
			isa = XCConfigurationList;
			buildConfigurations = (
				399A9E6B21D722D300333466 /* Debug */,
				399A9E6C21D722D300333466 /* Release */,
			);
			defaultConfigurationIsVisible = 0;
			defaultConfigurationName = Release;
		};
		399A9E6D21D722D300333466 /* Build configuration list for PBXNativeTarget "XSLPhotoBrowser" */ = {
			isa = XCConfigurationList;
			buildConfigurations = (
				399A9E6E21D722D300333466 /* Debug */,
				399A9E6F21D722D300333466 /* Release */,
			);
			defaultConfigurationIsVisible = 0;
			defaultConfigurationName = Release;
		};
		399A9E7021D722D300333466 /* Build configuration list for PBXNativeTarget "XSLPhotoBrowserTests" */ = {
			isa = XCConfigurationList;
			buildConfigurations = (
				399A9E7121D722D300333466 /* Debug */,
				399A9E7221D722D300333466 /* Release */,
			);
			defaultConfigurationIsVisible = 0;
			defaultConfigurationName = Release;
		};
		399A9E7321D722D300333466 /* Build configuration list for PBXNativeTarget "XSLPhotoBrowserUITests" */ = {
			isa = XCConfigurationList;
			buildConfigurations = (
				399A9E7421D722D300333466 /* Debug */,
				399A9E7521D722D300333466 /* Release */,
			);
			defaultConfigurationIsVisible = 0;
			defaultConfigurationName = Release;
		};
/* End XCConfigurationList section */
	};
	rootObject = 399A9E3D21D722D100333466 /* Project object */;
}
